
Microsoft Visual Studio Solution File, Format Version 12.00
# Visual Studio 15
VisualStudioVersion = 15.0.26730.16
MinimumVisualStudioVersion = 10.0.40219.1
Project("{2150E333-8FDC-42A3-9474-1A3956D46DE8}") = "src", "src", "{AFAA0841-BD93-466F-B8F4-FB4EEC86F1FC}"
EndProject
Project("{2150E333-8FDC-42A3-9474-1A3956D46DE8}") = "test", "test", "{F10AA149-2626-486E-85BB-9CD5365F3016}"
EndProject
Project("{9A19103F-16F7-4668-BE54-9A1E7A4F7556}") = "TrackingSystem.Core", "src\TrackingSystem.Core\TrackingSystem.Core.csproj", "{0FA75A5B-AB83-4FD0-B545-279774C01E87}"
EndProject
Project("{9A19103F-16F7-4668-BE54-9A1E7A4F7556}") = "TrackingSystem.Application", "src\TrackingSystem.Application\TrackingSystem.Application.csproj", "{3870C648-4AEA-4B85-BA3F-F2F63B96136A}"
EndProject
Project("{9A19103F-16F7-4668-BE54-9A1E7A4F7556}") = "TrackingSystem.Tests", "test\TrackingSystem.Tests\TrackingSystem.Tests.csproj", "{0D4C5D00-C144-4213-A007-4B8944113AB1}"
EndProject
Project("{9A19103F-16F7-4668-BE54-9A1E7A4F7556}") = "TrackingSystem.Migrator", "src\TrackingSystem.Migrator\TrackingSystem.Migrator.csproj", "{880B3591-E057-46FE-B525-10BD83828B93}"
EndProject
Project("{9A19103F-16F7-4668-BE54-9A1E7A4F7556}") = "TrackingSystem.Web.Host", "src\TrackingSystem.Web.Host\TrackingSystem.Web.Host.csproj", "{38E184BD-E874-4633-A947-AED4FDB73F40}"
EndProject
Project("{9A19103F-16F7-4668-BE54-9A1E7A4F7556}") = "TrackingSystem.Web.Core", "src\TrackingSystem.Web.Core\TrackingSystem.Web.Core.csproj", "{22CFE0D2-8DCA-42D7-AD7D-784C3862493F}"
EndProject
Project("{9A19103F-16F7-4668-BE54-9A1E7A4F7556}") = "TrackingSystem.EntityFrameworkCore", "src\TrackingSystem.EntityFrameworkCore\TrackingSystem.EntityFrameworkCore.csproj", "{E0580562-F8F2-4EBB-B07A-ABFC6F2C314F}"
EndProject
Project("{2150E333-8FDC-42A3-9474-1A3956D46DE8}") = "Core", "Core", "{D6AC1B35-83C0-43B2-BA5B-1E1097A583F6}"
EndProject
Project("{9A19103F-16F7-4668-BE54-9A1E7A4F7556}") = "Abp", "Core\src\Abp\Abp.csproj", "{CCC1BE7C-E013-4CF1-BC40-369D55414FD4}"
EndProject
Project("{9A19103F-16F7-4668-BE54-9A1E7A4F7556}") = "Abp.AspNetCore", "Core\src\Abp.AspNetCore\Abp.AspNetCore.csproj", "{4B3EF3C6-7E46-47BB-B6A3-8BC14181758A}"
EndProject
Project("{9A19103F-16F7-4668-BE54-9A1E7A4F7556}") = "Abp.AspNetCore.OData", "Core\src\Abp.AspNetCore.OData\Abp.AspNetCore.OData.csproj", "{595FAF0C-8B36-4E5B-8452-B13EF89532C9}"
EndProject
Project("{9A19103F-16F7-4668-BE54-9A1E7A4F7556}") = "Abp.AspNetCore.SignalR", "Core\src\Abp.AspNetCore.SignalR\Abp.AspNetCore.SignalR.csproj", "{A1A3C1C7-BA0E-4691-BD61-9ACE409D58C8}"
EndProject
Project("{9A19103F-16F7-4668-BE54-9A1E7A4F7556}") = "Abp.AspNetCore.TestBase", "Core\src\Abp.AspNetCore.TestBase\Abp.AspNetCore.TestBase.csproj", "{16E5FCED-43AE-4CC9-AC0F-AE6C6FEB949E}"
EndProject
Project("{9A19103F-16F7-4668-BE54-9A1E7A4F7556}") = "Abp.AutoMapper", "Core\src\Abp.AutoMapper\Abp.AutoMapper.csproj", "{BA21629A-00DA-4906-8DEB-F5FA1B3A9D2D}"
EndProject
Project("{9A19103F-16F7-4668-BE54-9A1E7A4F7556}") = "Abp.Castle.Log4Net", "Core\src\Abp.Castle.Log4Net\Abp.Castle.Log4Net.csproj", "{B8F31D2A-8968-4DAC-8029-2269A5F758FA}"
EndProject
Project("{9A19103F-16F7-4668-BE54-9A1E7A4F7556}") = "Abp.Dapper", "Core\src\Abp.Dapper\Abp.Dapper.csproj", "{683965AB-E1FE-4486-AD16-8CD7F2F363E8}"
EndProject
Project("{9A19103F-16F7-4668-BE54-9A1E7A4F7556}") = "Abp.EntityFramework", "Core\src\Abp.EntityFramework\Abp.EntityFramework.csproj", "{B271E25C-F705-4FA2-80B2-915C32AC20DF}"
EndProject
Project("{9A19103F-16F7-4668-BE54-9A1E7A4F7556}") = "Abp.EntityFramework.Common", "Core\src\Abp.EntityFramework.Common\Abp.EntityFramework.Common.csproj", "{F2BD1985-9775-4A21-B388-DEC1C5B5605F}"
EndProject
Project("{9A19103F-16F7-4668-BE54-9A1E7A4F7556}") = "Abp.EntityFramework.GraphDiff", "Core\src\Abp.EntityFramework.GraphDiff\Abp.EntityFramework.GraphDiff.csproj", "{78600A27-794A-422D-AA16-2943F3DC27E4}"
EndProject
Project("{9A19103F-16F7-4668-BE54-9A1E7A4F7556}") = "Abp.EntityFrameworkCore", "Core\src\Abp.EntityFrameworkCore\Abp.EntityFrameworkCore.csproj", "{672FB9AE-AB26-41AC-9EAC-71A98C01A520}"
EndProject
Project("{9A19103F-16F7-4668-BE54-9A1E7A4F7556}") = "Abp.FluentMigrator", "Core\src\Abp.FluentMigrator\Abp.FluentMigrator.csproj", "{3C2E6DDE-CE0C-4951-A7AD-5FEA7BB1AC7C}"
EndProject
Project("{9A19103F-16F7-4668-BE54-9A1E7A4F7556}") = "Abp.FluentValidation", "Core\src\Abp.FluentValidation\Abp.FluentValidation.csproj", "{D7D495C2-FC87-41BA-BC5F-4DF7DC0058F7}"
EndProject
Project("{9A19103F-16F7-4668-BE54-9A1E7A4F7556}") = "Abp.HangFire", "Core\src\Abp.HangFire\Abp.HangFire.csproj", "{C4B6B827-22F6-422F-9FE6-B1BE7A4F7DCA}"
EndProject
Project("{9A19103F-16F7-4668-BE54-9A1E7A4F7556}") = "Abp.HangFire.AspNetCore", "Core\src\Abp.HangFire.AspNetCore\Abp.HangFire.AspNetCore.csproj", "{AD3AA305-2DC0-43E6-B9C6-FD437D899921}"
EndProject
Project("{9A19103F-16F7-4668-BE54-9A1E7A4F7556}") = "Abp.MailKit", "Core\src\Abp.MailKit\Abp.MailKit.csproj", "{72ADD9EC-285B-4655-9F07-E17D8A576FDB}"
EndProject
Project("{9A19103F-16F7-4668-BE54-9A1E7A4F7556}") = "Abp.MemoryDb", "Core\src\Abp.MemoryDb\Abp.MemoryDb.csproj", "{4B632985-86FE-4EB6-928C-32F8A73852BF}"
EndProject
Project("{9A19103F-16F7-4668-BE54-9A1E7A4F7556}") = "Abp.MongoDB", "Core\src\Abp.MongoDB\Abp.MongoDB.csproj", "{62222415-E4F8-4049-B98C-E96C099BE0A8}"
EndProject
Project("{9A19103F-16F7-4668-BE54-9A1E7A4F7556}") = "Abp.NHibernate", "Core\src\Abp.NHibernate\Abp.NHibernate.csproj", "{380E64B3-3B01-464D-A927-BA08946C16E7}"
EndProject
Project("{9A19103F-16F7-4668-BE54-9A1E7A4F7556}") = "Abp.Owin", "Core\src\Abp.Owin\Abp.Owin.csproj", "{A7F3AB1E-A6F5-415A-BB7C-9F47D90D1B61}"
EndProject
Project("{9A19103F-16F7-4668-BE54-9A1E7A4F7556}") = "Abp.Quartz", "Core\src\Abp.Quartz\Abp.Quartz.csproj", "{0C3E3815-4E60-4B72-9FD2-780888559808}"
EndProject
Project("{9A19103F-16F7-4668-BE54-9A1E7A4F7556}") = "Abp.RedisCache", "Core\src\Abp.RedisCache\Abp.RedisCache.csproj", "{BEEA21F2-8765-457E-A63F-7EBEADAA4E11}"
EndProject
Project("{9A19103F-16F7-4668-BE54-9A1E7A4F7556}") = "Abp.RedisCache.ProtoBuf", "Core\src\Abp.RedisCache.ProtoBuf\Abp.RedisCache.ProtoBuf.csproj", "{DC68247B-0EBD-4D73-BF54-75082E4321D8}"
EndProject
Project("{9A19103F-16F7-4668-BE54-9A1E7A4F7556}") = "Abp.TestBase", "Core\src\Abp.TestBase\Abp.TestBase.csproj", "{F3CC19AA-155F-43AC-8B93-21D8DD9A70CB}"
EndProject
Project("{9A19103F-16F7-4668-BE54-9A1E7A4F7556}") = "Abp.Web", "Core\src\Abp.Web\Abp.Web.csproj", "{E4B62F8A-F3AA-4ED1-BFF2-DBA47209C60A}"
EndProject
Project("{9A19103F-16F7-4668-BE54-9A1E7A4F7556}") = "Abp.Web.Api", "Core\src\Abp.Web.Api\Abp.Web.Api.csproj", "{359703B8-EDA7-444F-9D66-8790B40D2CF3}"
EndProject
Project("{9A19103F-16F7-4668-BE54-9A1E7A4F7556}") = "Abp.Web.Api.OData", "Core\src\Abp.Web.Api.OData\Abp.Web.Api.OData.csproj", "{683A638B-E980-4532-A3C9-D8D7928D9A52}"
EndProject
Project("{9A19103F-16F7-4668-BE54-9A1E7A4F7556}") = "Abp.Web.Common", "Core\src\Abp.Web.Common\Abp.Web.Common.csproj", "{97DB485A-EC30-4791-8565-715BC537EE30}"
EndProject
Project("{9A19103F-16F7-4668-BE54-9A1E7A4F7556}") = "Abp.Web.Mvc", "Core\src\Abp.Web.Mvc\Abp.Web.Mvc.csproj", "{480C6DBE-124C-4E62-AB2B-CD9D69525FC6}"
EndProject
Project("{9A19103F-16F7-4668-BE54-9A1E7A4F7556}") = "Abp.Web.Resources", "Core\src\Abp.Web.Resources\Abp.Web.Resources.csproj", "{16880ADF-8A6E-4B59-B976-BCC200DF4FB3}"
EndProject
Project("{9A19103F-16F7-4668-BE54-9A1E7A4F7556}") = "Abp.Web.SignalR", "Core\src\Abp.Web.SignalR\Abp.Web.SignalR.csproj", "{9C7B3D79-AFBF-4D97-A67A-F52BB4E31EF0}"
EndProject
Project("{9A19103F-16F7-4668-BE54-9A1E7A4F7556}") = "Abp.Zero", "Core\src\Abp.Zero\Abp.Zero.csproj", "{9BC2CBB1-8C32-46CD-9D3D-A24187760D3C}"
EndProject
Project("{9A19103F-16F7-4668-BE54-9A1E7A4F7556}") = "Abp.Zero.AspNetCore", "Core\src\Abp.Zero.AspNetCore\Abp.Zero.AspNetCore.csproj", "{1BBD558A-3A79-44B2-A207-F02444E4D8A8}"
EndProject
Project("{9A19103F-16F7-4668-BE54-9A1E7A4F7556}") = "Abp.Zero.Common", "Core\src\Abp.Zero.Common\Abp.Zero.Common.csproj", "{A3F16171-287A-483C-B5CF-2FFC398F10AB}"
EndProject
Project("{9A19103F-16F7-4668-BE54-9A1E7A4F7556}") = "Abp.Zero.EntityFramework", "Core\src\Abp.Zero.EntityFramework\Abp.Zero.EntityFramework.csproj", "{A9ECB4B1-8A56-40C8-81E5-178522E71421}"
EndProject
Project("{9A19103F-16F7-4668-BE54-9A1E7A4F7556}") = "Abp.Zero.EntityFrameworkCore", "Core\src\Abp.Zero.EntityFrameworkCore\Abp.Zero.EntityFrameworkCore.csproj", "{2E05B8EC-41CF-4943-BFEC-B02167ED763E}"
EndProject
Project("{9A19103F-16F7-4668-BE54-9A1E7A4F7556}") = "Abp.Zero.Ldap", "Core\src\Abp.Zero.Ldap\Abp.Zero.Ldap.csproj", "{F73F0D02-2555-4DC2-B38D-5EC4687F454B}"
EndProject
Project("{9A19103F-16F7-4668-BE54-9A1E7A4F7556}") = "Abp.Zero.NHibernate", "Core\src\Abp.Zero.NHibernate\Abp.Zero.NHibernate.csproj", "{7A6D65D1-A5AF-4F1B-9ED8-70AFC384AA74}"
EndProject
Project("{9A19103F-16F7-4668-BE54-9A1E7A4F7556}") = "Abp.Zero.Owin", "Core\src\Abp.Zero.Owin\Abp.Zero.Owin.csproj", "{60DA9871-64D1-4032-A6FA-2FA154FCA484}"
EndProject
Project("{9A19103F-16F7-4668-BE54-9A1E7A4F7556}") = "Abp.ZeroCore", "Core\src\Abp.ZeroCore\Abp.ZeroCore.csproj", "{5B54B0FB-00E8-4FED-BAAA-0A9A8AB43304}"
EndProject
Project("{9A19103F-16F7-4668-BE54-9A1E7A4F7556}") = "Abp.ZeroCore.EntityFramework", "Core\src\Abp.ZeroCore.EntityFramework\Abp.ZeroCore.EntityFramework.csproj", "{30F53704-1C84-4AF8-A723-6979930FC1AB}"
EndProject
Project("{9A19103F-16F7-4668-BE54-9A1E7A4F7556}") = "Abp.ZeroCore.EntityFrameworkCore", "Core\src\Abp.ZeroCore.EntityFrameworkCore\Abp.ZeroCore.EntityFrameworkCore.csproj", "{79D07E85-B414-49B2-8FEB-8C58232EA9A5}"
EndProject
Project("{9A19103F-16F7-4668-BE54-9A1E7A4F7556}") = "Abp.ZeroCore.IdentityServer4", "Core\src\Abp.ZeroCore.IdentityServer4\Abp.ZeroCore.IdentityServer4.csproj", "{F80C3D73-29C2-4611-B3EB-1245DEC41716}"
EndProject
Project("{9A19103F-16F7-4668-BE54-9A1E7A4F7556}") = "Abp.ZeroCore.IdentityServer4.EntityFrameworkCore", "Core\src\Abp.ZeroCore.IdentityServer4.EntityFrameworkCore\Abp.ZeroCore.IdentityServer4.EntityFrameworkCore.csproj", "{EBBA1064-A704-4AAE-8089-124EA893069D}"
EndProject
Global
	GlobalSection(SolutionConfigurationPlatforms) = preSolution
		Debug|Any CPU = Debug|Any CPU
		Release|Any CPU = Release|Any CPU
	EndGlobalSection
	GlobalSection(ProjectConfigurationPlatforms) = postSolution
		{0FA75A5B-AB83-4FD0-B545-279774C01E87}.Debug|Any CPU.ActiveCfg = Debug|Any CPU
		{0FA75A5B-AB83-4FD0-B545-279774C01E87}.Debug|Any CPU.Build.0 = Debug|Any CPU
		{0FA75A5B-AB83-4FD0-B545-279774C01E87}.Release|Any CPU.ActiveCfg = Release|Any CPU
		{0FA75A5B-AB83-4FD0-B545-279774C01E87}.Release|Any CPU.Build.0 = Release|Any CPU
		{3870C648-4AEA-4B85-BA3F-F2F63B96136A}.Debug|Any CPU.ActiveCfg = Debug|Any CPU
		{3870C648-4AEA-4B85-BA3F-F2F63B96136A}.Debug|Any CPU.Build.0 = Debug|Any CPU
		{3870C648-4AEA-4B85-BA3F-F2F63B96136A}.Release|Any CPU.ActiveCfg = Release|Any CPU
		{3870C648-4AEA-4B85-BA3F-F2F63B96136A}.Release|Any CPU.Build.0 = Release|Any CPU
		{0D4C5D00-C144-4213-A007-4B8944113AB1}.Debug|Any CPU.ActiveCfg = Debug|Any CPU
		{0D4C5D00-C144-4213-A007-4B8944113AB1}.Debug|Any CPU.Build.0 = Debug|Any CPU
		{0D4C5D00-C144-4213-A007-4B8944113AB1}.Release|Any CPU.ActiveCfg = Release|Any CPU
		{0D4C5D00-C144-4213-A007-4B8944113AB1}.Release|Any CPU.Build.0 = Release|Any CPU
		{880B3591-E057-46FE-B525-10BD83828B93}.Debug|Any CPU.ActiveCfg = Debug|Any CPU
		{880B3591-E057-46FE-B525-10BD83828B93}.Debug|Any CPU.Build.0 = Debug|Any CPU
		{880B3591-E057-46FE-B525-10BD83828B93}.Release|Any CPU.ActiveCfg = Release|Any CPU
		{880B3591-E057-46FE-B525-10BD83828B93}.Release|Any CPU.Build.0 = Release|Any CPU
		{38E184BD-E874-4633-A947-AED4FDB73F40}.Debug|Any CPU.ActiveCfg = Debug|Any CPU
		{38E184BD-E874-4633-A947-AED4FDB73F40}.Debug|Any CPU.Build.0 = Debug|Any CPU
		{38E184BD-E874-4633-A947-AED4FDB73F40}.Release|Any CPU.ActiveCfg = Release|Any CPU
		{38E184BD-E874-4633-A947-AED4FDB73F40}.Release|Any CPU.Build.0 = Release|Any CPU
		{22CFE0D2-8DCA-42D7-AD7D-784C3862493F}.Debug|Any CPU.ActiveCfg = Debug|Any CPU
		{22CFE0D2-8DCA-42D7-AD7D-784C3862493F}.Debug|Any CPU.Build.0 = Debug|Any CPU
		{22CFE0D2-8DCA-42D7-AD7D-784C3862493F}.Release|Any CPU.ActiveCfg = Release|Any CPU
		{22CFE0D2-8DCA-42D7-AD7D-784C3862493F}.Release|Any CPU.Build.0 = Release|Any CPU
		{E0580562-F8F2-4EBB-B07A-ABFC6F2C314F}.Debug|Any CPU.ActiveCfg = Debug|Any CPU
		{E0580562-F8F2-4EBB-B07A-ABFC6F2C314F}.Debug|Any CPU.Build.0 = Debug|Any CPU
		{E0580562-F8F2-4EBB-B07A-ABFC6F2C314F}.Release|Any CPU.ActiveCfg = Release|Any CPU
		{E0580562-F8F2-4EBB-B07A-ABFC6F2C314F}.Release|Any CPU.Build.0 = Release|Any CPU
		{CCC1BE7C-E013-4CF1-BC40-369D55414FD4}.Debug|Any CPU.ActiveCfg = Debug|Any CPU
		{CCC1BE7C-E013-4CF1-BC40-369D55414FD4}.Debug|Any CPU.Build.0 = Debug|Any CPU
		{CCC1BE7C-E013-4CF1-BC40-369D55414FD4}.Release|Any CPU.ActiveCfg = Release|Any CPU
		{CCC1BE7C-E013-4CF1-BC40-369D55414FD4}.Release|Any CPU.Build.0 = Release|Any CPU
		{4B3EF3C6-7E46-47BB-B6A3-8BC14181758A}.Debug|Any CPU.ActiveCfg = Debug|Any CPU
		{4B3EF3C6-7E46-47BB-B6A3-8BC14181758A}.Debug|Any CPU.Build.0 = Debug|Any CPU
		{4B3EF3C6-7E46-47BB-B6A3-8BC14181758A}.Release|Any CPU.ActiveCfg = Release|Any CPU
		{4B3EF3C6-7E46-47BB-B6A3-8BC14181758A}.Release|Any CPU.Build.0 = Release|Any CPU
		{595FAF0C-8B36-4E5B-8452-B13EF89532C9}.Debug|Any CPU.ActiveCfg = Debug|Any CPU
		{595FAF0C-8B36-4E5B-8452-B13EF89532C9}.Debug|Any CPU.Build.0 = Debug|Any CPU
		{595FAF0C-8B36-4E5B-8452-B13EF89532C9}.Release|Any CPU.ActiveCfg = Release|Any CPU
		{595FAF0C-8B36-4E5B-8452-B13EF89532C9}.Release|Any CPU.Build.0 = Release|Any CPU
		{A1A3C1C7-BA0E-4691-BD61-9ACE409D58C8}.Debug|Any CPU.ActiveCfg = Debug|Any CPU
		{A1A3C1C7-BA0E-4691-BD61-9ACE409D58C8}.Debug|Any CPU.Build.0 = Debug|Any CPU
		{A1A3C1C7-BA0E-4691-BD61-9ACE409D58C8}.Release|Any CPU.ActiveCfg = Release|Any CPU
		{A1A3C1C7-BA0E-4691-BD61-9ACE409D58C8}.Release|Any CPU.Build.0 = Release|Any CPU
		{16E5FCED-43AE-4CC9-AC0F-AE6C6FEB949E}.Debug|Any CPU.ActiveCfg = Debug|Any CPU
		{16E5FCED-43AE-4CC9-AC0F-AE6C6FEB949E}.Debug|Any CPU.Build.0 = Debug|Any CPU
		{16E5FCED-43AE-4CC9-AC0F-AE6C6FEB949E}.Release|Any CPU.ActiveCfg = Release|Any CPU
		{16E5FCED-43AE-4CC9-AC0F-AE6C6FEB949E}.Release|Any CPU.Build.0 = Release|Any CPU
		{BA21629A-00DA-4906-8DEB-F5FA1B3A9D2D}.Debug|Any CPU.ActiveCfg = Debug|Any CPU
		{BA21629A-00DA-4906-8DEB-F5FA1B3A9D2D}.Debug|Any CPU.Build.0 = Debug|Any CPU
		{BA21629A-00DA-4906-8DEB-F5FA1B3A9D2D}.Release|Any CPU.ActiveCfg = Release|Any CPU
		{BA21629A-00DA-4906-8DEB-F5FA1B3A9D2D}.Release|Any CPU.Build.0 = Release|Any CPU
		{B8F31D2A-8968-4DAC-8029-2269A5F758FA}.Debug|Any CPU.ActiveCfg = Debug|Any CPU
		{B8F31D2A-8968-4DAC-8029-2269A5F758FA}.Debug|Any CPU.Build.0 = Debug|Any CPU
		{B8F31D2A-8968-4DAC-8029-2269A5F758FA}.Release|Any CPU.ActiveCfg = Release|Any CPU
		{B8F31D2A-8968-4DAC-8029-2269A5F758FA}.Release|Any CPU.Build.0 = Release|Any CPU
		{683965AB-E1FE-4486-AD16-8CD7F2F363E8}.Debug|Any CPU.ActiveCfg = Debug|Any CPU
		{683965AB-E1FE-4486-AD16-8CD7F2F363E8}.Debug|Any CPU.Build.0 = Debug|Any CPU
		{683965AB-E1FE-4486-AD16-8CD7F2F363E8}.Release|Any CPU.ActiveCfg = Release|Any CPU
		{683965AB-E1FE-4486-AD16-8CD7F2F363E8}.Release|Any CPU.Build.0 = Release|Any CPU
		{B271E25C-F705-4FA2-80B2-915C32AC20DF}.Debug|Any CPU.ActiveCfg = Debug|Any CPU
		{B271E25C-F705-4FA2-80B2-915C32AC20DF}.Debug|Any CPU.Build.0 = Debug|Any CPU
		{B271E25C-F705-4FA2-80B2-915C32AC20DF}.Release|Any CPU.ActiveCfg = Release|Any CPU
		{B271E25C-F705-4FA2-80B2-915C32AC20DF}.Release|Any CPU.Build.0 = Release|Any CPU
		{F2BD1985-9775-4A21-B388-DEC1C5B5605F}.Debug|Any CPU.ActiveCfg = Debug|Any CPU
		{F2BD1985-9775-4A21-B388-DEC1C5B5605F}.Debug|Any CPU.Build.0 = Debug|Any CPU
		{F2BD1985-9775-4A21-B388-DEC1C5B5605F}.Release|Any CPU.ActiveCfg = Release|Any CPU
		{F2BD1985-9775-4A21-B388-DEC1C5B5605F}.Release|Any CPU.Build.0 = Release|Any CPU
		{78600A27-794A-422D-AA16-2943F3DC27E4}.Debug|Any CPU.ActiveCfg = Debug|Any CPU
		{78600A27-794A-422D-AA16-2943F3DC27E4}.Debug|Any CPU.Build.0 = Debug|Any CPU
		{78600A27-794A-422D-AA16-2943F3DC27E4}.Release|Any CPU.ActiveCfg = Release|Any CPU
		{78600A27-794A-422D-AA16-2943F3DC27E4}.Release|Any CPU.Build.0 = Release|Any CPU
		{672FB9AE-AB26-41AC-9EAC-71A98C01A520}.Debug|Any CPU.ActiveCfg = Debug|Any CPU
		{672FB9AE-AB26-41AC-9EAC-71A98C01A520}.Debug|Any CPU.Build.0 = Debug|Any CPU
		{672FB9AE-AB26-41AC-9EAC-71A98C01A520}.Release|Any CPU.ActiveCfg = Release|Any CPU
		{672FB9AE-AB26-41AC-9EAC-71A98C01A520}.Release|Any CPU.Build.0 = Release|Any CPU
		{3C2E6DDE-CE0C-4951-A7AD-5FEA7BB1AC7C}.Debug|Any CPU.ActiveCfg = Debug|Any CPU
		{3C2E6DDE-CE0C-4951-A7AD-5FEA7BB1AC7C}.Debug|Any CPU.Build.0 = Debug|Any CPU
		{3C2E6DDE-CE0C-4951-A7AD-5FEA7BB1AC7C}.Release|Any CPU.ActiveCfg = Release|Any CPU
		{3C2E6DDE-CE0C-4951-A7AD-5FEA7BB1AC7C}.Release|Any CPU.Build.0 = Release|Any CPU
		{D7D495C2-FC87-41BA-BC5F-4DF7DC0058F7}.Debug|Any CPU.ActiveCfg = Debug|Any CPU
		{D7D495C2-FC87-41BA-BC5F-4DF7DC0058F7}.Debug|Any CPU.Build.0 = Debug|Any CPU
		{D7D495C2-FC87-41BA-BC5F-4DF7DC0058F7}.Release|Any CPU.ActiveCfg = Release|Any CPU
		{D7D495C2-FC87-41BA-BC5F-4DF7DC0058F7}.Release|Any CPU.Build.0 = Release|Any CPU
		{C4B6B827-22F6-422F-9FE6-B1BE7A4F7DCA}.Debug|Any CPU.ActiveCfg = Debug|Any CPU
		{C4B6B827-22F6-422F-9FE6-B1BE7A4F7DCA}.Debug|Any CPU.Build.0 = Debug|Any CPU
		{C4B6B827-22F6-422F-9FE6-B1BE7A4F7DCA}.Release|Any CPU.ActiveCfg = Release|Any CPU
		{C4B6B827-22F6-422F-9FE6-B1BE7A4F7DCA}.Release|Any CPU.Build.0 = Release|Any CPU
		{AD3AA305-2DC0-43E6-B9C6-FD437D899921}.Debug|Any CPU.ActiveCfg = Debug|Any CPU
		{AD3AA305-2DC0-43E6-B9C6-FD437D899921}.Debug|Any CPU.Build.0 = Debug|Any CPU
		{AD3AA305-2DC0-43E6-B9C6-FD437D899921}.Release|Any CPU.ActiveCfg = Release|Any CPU
		{AD3AA305-2DC0-43E6-B9C6-FD437D899921}.Release|Any CPU.Build.0 = Release|Any CPU
		{72ADD9EC-285B-4655-9F07-E17D8A576FDB}.Debug|Any CPU.ActiveCfg = Debug|Any CPU
		{72ADD9EC-285B-4655-9F07-E17D8A576FDB}.Debug|Any CPU.Build.0 = Debug|Any CPU
		{72ADD9EC-285B-4655-9F07-E17D8A576FDB}.Release|Any CPU.ActiveCfg = Release|Any CPU
		{72ADD9EC-285B-4655-9F07-E17D8A576FDB}.Release|Any CPU.Build.0 = Release|Any CPU
		{4B632985-86FE-4EB6-928C-32F8A73852BF}.Debug|Any CPU.ActiveCfg = Debug|Any CPU
		{4B632985-86FE-4EB6-928C-32F8A73852BF}.Debug|Any CPU.Build.0 = Debug|Any CPU
		{4B632985-86FE-4EB6-928C-32F8A73852BF}.Release|Any CPU.ActiveCfg = Release|Any CPU
		{4B632985-86FE-4EB6-928C-32F8A73852BF}.Release|Any CPU.Build.0 = Release|Any CPU
		{62222415-E4F8-4049-B98C-E96C099BE0A8}.Debug|Any CPU.ActiveCfg = Debug|Any CPU
		{62222415-E4F8-4049-B98C-E96C099BE0A8}.Debug|Any CPU.Build.0 = Debug|Any CPU
		{62222415-E4F8-4049-B98C-E96C099BE0A8}.Release|Any CPU.ActiveCfg = Release|Any CPU
		{62222415-E4F8-4049-B98C-E96C099BE0A8}.Release|Any CPU.Build.0 = Release|Any CPU
		{380E64B3-3B01-464D-A927-BA08946C16E7}.Debug|Any CPU.ActiveCfg = Debug|Any CPU
		{380E64B3-3B01-464D-A927-BA08946C16E7}.Debug|Any CPU.Build.0 = Debug|Any CPU
		{380E64B3-3B01-464D-A927-BA08946C16E7}.Release|Any CPU.ActiveCfg = Release|Any CPU
		{380E64B3-3B01-464D-A927-BA08946C16E7}.Release|Any CPU.Build.0 = Release|Any CPU
		{A7F3AB1E-A6F5-415A-BB7C-9F47D90D1B61}.Debug|Any CPU.ActiveCfg = Debug|Any CPU
		{A7F3AB1E-A6F5-415A-BB7C-9F47D90D1B61}.Debug|Any CPU.Build.0 = Debug|Any CPU
		{A7F3AB1E-A6F5-415A-BB7C-9F47D90D1B61}.Release|Any CPU.ActiveCfg = Release|Any CPU
		{A7F3AB1E-A6F5-415A-BB7C-9F47D90D1B61}.Release|Any CPU.Build.0 = Release|Any CPU
		{0C3E3815-4E60-4B72-9FD2-780888559808}.Debug|Any CPU.ActiveCfg = Debug|Any CPU
		{0C3E3815-4E60-4B72-9FD2-780888559808}.Debug|Any CPU.Build.0 = Debug|Any CPU
		{0C3E3815-4E60-4B72-9FD2-780888559808}.Release|Any CPU.ActiveCfg = Release|Any CPU
		{0C3E3815-4E60-4B72-9FD2-780888559808}.Release|Any CPU.Build.0 = Release|Any CPU
		{BEEA21F2-8765-457E-A63F-7EBEADAA4E11}.Debug|Any CPU.ActiveCfg = Debug|Any CPU
		{BEEA21F2-8765-457E-A63F-7EBEADAA4E11}.Debug|Any CPU.Build.0 = Debug|Any CPU
		{BEEA21F2-8765-457E-A63F-7EBEADAA4E11}.Release|Any CPU.ActiveCfg = Release|Any CPU
		{BEEA21F2-8765-457E-A63F-7EBEADAA4E11}.Release|Any CPU.Build.0 = Release|Any CPU
		{DC68247B-0EBD-4D73-BF54-75082E4321D8}.Debug|Any CPU.ActiveCfg = Debug|Any CPU
		{DC68247B-0EBD-4D73-BF54-75082E4321D8}.Debug|Any CPU.Build.0 = Debug|Any CPU
		{DC68247B-0EBD-4D73-BF54-75082E4321D8}.Release|Any CPU.ActiveCfg = Release|Any CPU
		{DC68247B-0EBD-4D73-BF54-75082E4321D8}.Release|Any CPU.Build.0 = Release|Any CPU
		{F3CC19AA-155F-43AC-8B93-21D8DD9A70CB}.Debug|Any CPU.ActiveCfg = Debug|Any CPU
		{F3CC19AA-155F-43AC-8B93-21D8DD9A70CB}.Debug|Any CPU.Build.0 = Debug|Any CPU
		{F3CC19AA-155F-43AC-8B93-21D8DD9A70CB}.Release|Any CPU.ActiveCfg = Release|Any CPU
		{F3CC19AA-155F-43AC-8B93-21D8DD9A70CB}.Release|Any CPU.Build.0 = Release|Any CPU
		{E4B62F8A-F3AA-4ED1-BFF2-DBA47209C60A}.Debug|Any CPU.ActiveCfg = Debug|Any CPU
		{E4B62F8A-F3AA-4ED1-BFF2-DBA47209C60A}.Debug|Any CPU.Build.0 = Debug|Any CPU
		{E4B62F8A-F3AA-4ED1-BFF2-DBA47209C60A}.Release|Any CPU.ActiveCfg = Release|Any CPU
		{E4B62F8A-F3AA-4ED1-BFF2-DBA47209C60A}.Release|Any CPU.Build.0 = Release|Any CPU
		{359703B8-EDA7-444F-9D66-8790B40D2CF3}.Debug|Any CPU.ActiveCfg = Debug|Any CPU
		{359703B8-EDA7-444F-9D66-8790B40D2CF3}.Debug|Any CPU.Build.0 = Debug|Any CPU
		{359703B8-EDA7-444F-9D66-8790B40D2CF3}.Release|Any CPU.ActiveCfg = Release|Any CPU
		{359703B8-EDA7-444F-9D66-8790B40D2CF3}.Release|Any CPU.Build.0 = Release|Any CPU
		{683A638B-E980-4532-A3C9-D8D7928D9A52}.Debug|Any CPU.ActiveCfg = Debug|Any CPU
		{683A638B-E980-4532-A3C9-D8D7928D9A52}.Debug|Any CPU.Build.0 = Debug|Any CPU
		{683A638B-E980-4532-A3C9-D8D7928D9A52}.Release|Any CPU.ActiveCfg = Release|Any CPU
		{683A638B-E980-4532-A3C9-D8D7928D9A52}.Release|Any CPU.Build.0 = Release|Any CPU
		{97DB485A-EC30-4791-8565-715BC537EE30}.Debug|Any CPU.ActiveCfg = Debug|Any CPU
		{97DB485A-EC30-4791-8565-715BC537EE30}.Debug|Any CPU.Build.0 = Debug|Any CPU
		{97DB485A-EC30-4791-8565-715BC537EE30}.Release|Any CPU.ActiveCfg = Release|Any CPU
		{97DB485A-EC30-4791-8565-715BC537EE30}.Release|Any CPU.Build.0 = Release|Any CPU
		{480C6DBE-124C-4E62-AB2B-CD9D69525FC6}.Debug|Any CPU.ActiveCfg = Debug|Any CPU
		{480C6DBE-124C-4E62-AB2B-CD9D69525FC6}.Debug|Any CPU.Build.0 = Debug|Any CPU
		{480C6DBE-124C-4E62-AB2B-CD9D69525FC6}.Release|Any CPU.ActiveCfg = Release|Any CPU
		{480C6DBE-124C-4E62-AB2B-CD9D69525FC6}.Release|Any CPU.Build.0 = Release|Any CPU
		{16880ADF-8A6E-4B59-B976-BCC200DF4FB3}.Debug|Any CPU.ActiveCfg = Debug|Any CPU
		{16880ADF-8A6E-4B59-B976-BCC200DF4FB3}.Debug|Any CPU.Build.0 = Debug|Any CPU
		{16880ADF-8A6E-4B59-B976-BCC200DF4FB3}.Release|Any CPU.ActiveCfg = Release|Any CPU
		{16880ADF-8A6E-4B59-B976-BCC200DF4FB3}.Release|Any CPU.Build.0 = Release|Any CPU
		{9C7B3D79-AFBF-4D97-A67A-F52BB4E31EF0}.Debug|Any CPU.ActiveCfg = Debug|Any CPU
		{9C7B3D79-AFBF-4D97-A67A-F52BB4E31EF0}.Debug|Any CPU.Build.0 = Debug|Any CPU
		{9C7B3D79-AFBF-4D97-A67A-F52BB4E31EF0}.Release|Any CPU.ActiveCfg = Release|Any CPU
		{9C7B3D79-AFBF-4D97-A67A-F52BB4E31EF0}.Release|Any CPU.Build.0 = Release|Any CPU
		{9BC2CBB1-8C32-46CD-9D3D-A24187760D3C}.Debug|Any CPU.ActiveCfg = Debug|Any CPU
		{9BC2CBB1-8C32-46CD-9D3D-A24187760D3C}.Debug|Any CPU.Build.0 = Debug|Any CPU
		{9BC2CBB1-8C32-46CD-9D3D-A24187760D3C}.Release|Any CPU.ActiveCfg = Release|Any CPU
		{9BC2CBB1-8C32-46CD-9D3D-A24187760D3C}.Release|Any CPU.Build.0 = Release|Any CPU
		{1BBD558A-3A79-44B2-A207-F02444E4D8A8}.Debug|Any CPU.ActiveCfg = Debug|Any CPU
		{1BBD558A-3A79-44B2-A207-F02444E4D8A8}.Debug|Any CPU.Build.0 = Debug|Any CPU
		{1BBD558A-3A79-44B2-A207-F02444E4D8A8}.Release|Any CPU.ActiveCfg = Release|Any CPU
		{1BBD558A-3A79-44B2-A207-F02444E4D8A8}.Release|Any CPU.Build.0 = Release|Any CPU
		{A3F16171-287A-483C-B5CF-2FFC398F10AB}.Debug|Any CPU.ActiveCfg = Debug|Any CPU
		{A3F16171-287A-483C-B5CF-2FFC398F10AB}.Debug|Any CPU.Build.0 = Debug|Any CPU
		{A3F16171-287A-483C-B5CF-2FFC398F10AB}.Release|Any CPU.ActiveCfg = Release|Any CPU
		{A3F16171-287A-483C-B5CF-2FFC398F10AB}.Release|Any CPU.Build.0 = Release|Any CPU
		{A9ECB4B1-8A56-40C8-81E5-178522E71421}.Debug|Any CPU.ActiveCfg = Debug|Any CPU
		{A9ECB4B1-8A56-40C8-81E5-178522E71421}.Debug|Any CPU.Build.0 = Debug|Any CPU
		{A9ECB4B1-8A56-40C8-81E5-178522E71421}.Release|Any CPU.ActiveCfg = Release|Any CPU
		{A9ECB4B1-8A56-40C8-81E5-178522E71421}.Release|Any CPU.Build.0 = Release|Any CPU
		{2E05B8EC-41CF-4943-BFEC-B02167ED763E}.Debug|Any CPU.ActiveCfg = Debug|Any CPU
		{2E05B8EC-41CF-4943-BFEC-B02167ED763E}.Debug|Any CPU.Build.0 = Debug|Any CPU
		{2E05B8EC-41CF-4943-BFEC-B02167ED763E}.Release|Any CPU.ActiveCfg = Release|Any CPU
		{2E05B8EC-41CF-4943-BFEC-B02167ED763E}.Release|Any CPU.Build.0 = Release|Any CPU
		{F73F0D02-2555-4DC2-B38D-5EC4687F454B}.Debug|Any CPU.ActiveCfg = Debug|Any CPU
		{F73F0D02-2555-4DC2-B38D-5EC4687F454B}.Debug|Any CPU.Build.0 = Debug|Any CPU
		{F73F0D02-2555-4DC2-B38D-5EC4687F454B}.Release|Any CPU.ActiveCfg = Release|Any CPU
		{F73F0D02-2555-4DC2-B38D-5EC4687F454B}.Release|Any CPU.Build.0 = Release|Any CPU
		{7A6D65D1-A5AF-4F1B-9ED8-70AFC384AA74}.Debug|Any CPU.ActiveCfg = Debug|Any CPU
		{7A6D65D1-A5AF-4F1B-9ED8-70AFC384AA74}.Debug|Any CPU.Build.0 = Debug|Any CPU
		{7A6D65D1-A5AF-4F1B-9ED8-70AFC384AA74}.Release|Any CPU.ActiveCfg = Release|Any CPU
		{7A6D65D1-A5AF-4F1B-9ED8-70AFC384AA74}.Release|Any CPU.Build.0 = Release|Any CPU
		{60DA9871-64D1-4032-A6FA-2FA154FCA484}.Debug|Any CPU.ActiveCfg = Debug|Any CPU
		{60DA9871-64D1-4032-A6FA-2FA154FCA484}.Debug|Any CPU.Build.0 = Debug|Any CPU
		{60DA9871-64D1-4032-A6FA-2FA154FCA484}.Release|Any CPU.ActiveCfg = Release|Any CPU
		{60DA9871-64D1-4032-A6FA-2FA154FCA484}.Release|Any CPU.Build.0 = Release|Any CPU
		{5B54B0FB-00E8-4FED-BAAA-0A9A8AB43304}.Debug|Any CPU.ActiveCfg = Debug|Any CPU
		{5B54B0FB-00E8-4FED-BAAA-0A9A8AB43304}.Debug|Any CPU.Build.0 = Debug|Any CPU
		{5B54B0FB-00E8-4FED-BAAA-0A9A8AB43304}.Release|Any CPU.ActiveCfg = Release|Any CPU
		{5B54B0FB-00E8-4FED-BAAA-0A9A8AB43304}.Release|Any CPU.Build.0 = Release|Any CPU
		{30F53704-1C84-4AF8-A723-6979930FC1AB}.Debug|Any CPU.ActiveCfg = Debug|Any CPU
		{30F53704-1C84-4AF8-A723-6979930FC1AB}.Debug|Any CPU.Build.0 = Debug|Any CPU
		{30F53704-1C84-4AF8-A723-6979930FC1AB}.Release|Any CPU.ActiveCfg = Release|Any CPU
		{30F53704-1C84-4AF8-A723-6979930FC1AB}.Release|Any CPU.Build.0 = Release|Any CPU
		{79D07E85-B414-49B2-8FEB-8C58232EA9A5}.Debug|Any CPU.ActiveCfg = Debug|Any CPU
		{79D07E85-B414-49B2-8FEB-8C58232EA9A5}.Debug|Any CPU.Build.0 = Debug|Any CPU
		{79D07E85-B414-49B2-8FEB-8C58232EA9A5}.Release|Any CPU.ActiveCfg = Release|Any CPU
		{79D07E85-B414-49B2-8FEB-8C58232EA9A5}.Release|Any CPU.Build.0 = Release|Any CPU
		{F80C3D73-29C2-4611-B3EB-1245DEC41716}.Debug|Any CPU.ActiveCfg = Debug|Any CPU
		{F80C3D73-29C2-4611-B3EB-1245DEC41716}.Debug|Any CPU.Build.0 = Debug|Any CPU
		{F80C3D73-29C2-4611-B3EB-1245DEC41716}.Release|Any CPU.ActiveCfg = Release|Any CPU
		{F80C3D73-29C2-4611-B3EB-1245DEC41716}.Release|Any CPU.Build.0 = Release|Any CPU
		{EBBA1064-A704-4AAE-8089-124EA893069D}.Debug|Any CPU.ActiveCfg = Debug|Any CPU
		{EBBA1064-A704-4AAE-8089-124EA893069D}.Debug|Any CPU.Build.0 = Debug|Any CPU
		{EBBA1064-A704-4AAE-8089-124EA893069D}.Release|Any CPU.ActiveCfg = Release|Any CPU
		{EBBA1064-A704-4AAE-8089-124EA893069D}.Release|Any CPU.Build.0 = Release|Any CPU
	EndGlobalSection
	GlobalSection(SolutionProperties) = preSolution
		HideSolutionNode = FALSE
	EndGlobalSection
	GlobalSection(NestedProjects) = preSolution
		{0FA75A5B-AB83-4FD0-B545-279774C01E87} = {AFAA0841-BD93-466F-B8F4-FB4EEC86F1FC}
		{3870C648-4AEA-4B85-BA3F-F2F63B96136A} = {AFAA0841-BD93-466F-B8F4-FB4EEC86F1FC}
		{0D4C5D00-C144-4213-A007-4B8944113AB1} = {F10AA149-2626-486E-85BB-9CD5365F3016}
		{880B3591-E057-46FE-B525-10BD83828B93} = {AFAA0841-BD93-466F-B8F4-FB4EEC86F1FC}
		{38E184BD-E874-4633-A947-AED4FDB73F40} = {AFAA0841-BD93-466F-B8F4-FB4EEC86F1FC}
		{22CFE0D2-8DCA-42D7-AD7D-784C3862493F} = {AFAA0841-BD93-466F-B8F4-FB4EEC86F1FC}
		{E0580562-F8F2-4EBB-B07A-ABFC6F2C314F} = {AFAA0841-BD93-466F-B8F4-FB4EEC86F1FC}
		{CCC1BE7C-E013-4CF1-BC40-369D55414FD4} = {D6AC1B35-83C0-43B2-BA5B-1E1097A583F6}
		{4B3EF3C6-7E46-47BB-B6A3-8BC14181758A} = {D6AC1B35-83C0-43B2-BA5B-1E1097A583F6}
		{595FAF0C-8B36-4E5B-8452-B13EF89532C9} = {D6AC1B35-83C0-43B2-BA5B-1E1097A583F6}
		{A1A3C1C7-BA0E-4691-BD61-9ACE409D58C8} = {D6AC1B35-83C0-43B2-BA5B-1E1097A583F6}
		{16E5FCED-43AE-4CC9-AC0F-AE6C6FEB949E} = {D6AC1B35-83C0-43B2-BA5B-1E1097A583F6}
		{BA21629A-00DA-4906-8DEB-F5FA1B3A9D2D} = {D6AC1B35-83C0-43B2-BA5B-1E1097A583F6}
		{B8F31D2A-8968-4DAC-8029-2269A5F758FA} = {D6AC1B35-83C0-43B2-BA5B-1E1097A583F6}
		{683965AB-E1FE-4486-AD16-8CD7F2F363E8} = {D6AC1B35-83C0-43B2-BA5B-1E1097A583F6}
		{B271E25C-F705-4FA2-80B2-915C32AC20DF} = {D6AC1B35-83C0-43B2-BA5B-1E1097A583F6}
		{F2BD1985-9775-4A21-B388-DEC1C5B5605F} = {D6AC1B35-83C0-43B2-BA5B-1E1097A583F6}
		{78600A27-794A-422D-AA16-2943F3DC27E4} = {D6AC1B35-83C0-43B2-BA5B-1E1097A583F6}
		{672FB9AE-AB26-41AC-9EAC-71A98C01A520} = {D6AC1B35-83C0-43B2-BA5B-1E1097A583F6}
		{3C2E6DDE-CE0C-4951-A7AD-5FEA7BB1AC7C} = {D6AC1B35-83C0-43B2-BA5B-1E1097A583F6}
		{D7D495C2-FC87-41BA-BC5F-4DF7DC0058F7} = {D6AC1B35-83C0-43B2-BA5B-1E1097A583F6}
		{C4B6B827-22F6-422F-9FE6-B1BE7A4F7DCA} = {D6AC1B35-83C0-43B2-BA5B-1E1097A583F6}
		{AD3AA305-2DC0-43E6-B9C6-FD437D899921} = {D6AC1B35-83C0-43B2-BA5B-1E1097A583F6}
		{72ADD9EC-285B-4655-9F07-E17D8A576FDB} = {D6AC1B35-83C0-43B2-BA5B-1E1097A583F6}
		{4B632985-86FE-4EB6-928C-32F8A73852BF} = {D6AC1B35-83C0-43B2-BA5B-1E1097A583F6}
		{62222415-E4F8-4049-B98C-E96C099BE0A8} = {D6AC1B35-83C0-43B2-BA5B-1E1097A583F6}
		{380E64B3-3B01-464D-A927-BA08946C16E7} = {D6AC1B35-83C0-43B2-BA5B-1E1097A583F6}
		{A7F3AB1E-A6F5-415A-BB7C-9F47D90D1B61} = {D6AC1B35-83C0-43B2-BA5B-1E1097A583F6}
		{0C3E3815-4E60-4B72-9FD2-780888559808} = {D6AC1B35-83C0-43B2-BA5B-1E1097A583F6}
		{BEEA21F2-8765-457E-A63F-7EBEADAA4E11} = {D6AC1B35-83C0-43B2-BA5B-1E1097A583F6}
		{DC68247B-0EBD-4D73-BF54-75082E4321D8} = {D6AC1B35-83C0-43B2-BA5B-1E1097A583F6}
		{F3CC19AA-155F-43AC-8B93-21D8DD9A70CB} = {D6AC1B35-83C0-43B2-BA5B-1E1097A583F6}
		{E4B62F8A-F3AA-4ED1-BFF2-DBA47209C60A} = {D6AC1B35-83C0-43B2-BA5B-1E1097A583F6}
		{359703B8-EDA7-444F-9D66-8790B40D2CF3} = {D6AC1B35-83C0-43B2-BA5B-1E1097A583F6}
		{683A638B-E980-4532-A3C9-D8D7928D9A52} = {D6AC1B35-83C0-43B2-BA5B-1E1097A583F6}
		{97DB485A-EC30-4791-8565-715BC537EE30} = {D6AC1B35-83C0-43B2-BA5B-1E1097A583F6}
		{480C6DBE-124C-4E62-AB2B-CD9D69525FC6} = {D6AC1B35-83C0-43B2-BA5B-1E1097A583F6}
		{16880ADF-8A6E-4B59-B976-BCC200DF4FB3} = {D6AC1B35-83C0-43B2-BA5B-1E1097A583F6}
		{9C7B3D79-AFBF-4D97-A67A-F52BB4E31EF0} = {D6AC1B35-83C0-43B2-BA5B-1E1097A583F6}
		{9BC2CBB1-8C32-46CD-9D3D-A24187760D3C} = {D6AC1B35-83C0-43B2-BA5B-1E1097A583F6}
		{1BBD558A-3A79-44B2-A207-F02444E4D8A8} = {D6AC1B35-83C0-43B2-BA5B-1E1097A583F6}
		{A3F16171-287A-483C-B5CF-2FFC398F10AB} = {D6AC1B35-83C0-43B2-BA5B-1E1097A583F6}
		{A9ECB4B1-8A56-40C8-81E5-178522E71421} = {D6AC1B35-83C0-43B2-BA5B-1E1097A583F6}
		{2E05B8EC-41CF-4943-BFEC-B02167ED763E} = {D6AC1B35-83C0-43B2-BA5B-1E1097A583F6}
		{F73F0D02-2555-4DC2-B38D-5EC4687F454B} = {D6AC1B35-83C0-43B2-BA5B-1E1097A583F6}
		{7A6D65D1-A5AF-4F1B-9ED8-70AFC384AA74} = {D6AC1B35-83C0-43B2-BA5B-1E1097A583F6}
		{60DA9871-64D1-4032-A6FA-2FA154FCA484} = {D6AC1B35-83C0-43B2-BA5B-1E1097A583F6}
		{5B54B0FB-00E8-4FED-BAAA-0A9A8AB43304} = {D6AC1B35-83C0-43B2-BA5B-1E1097A583F6}
		{30F53704-1C84-4AF8-A723-6979930FC1AB} = {D6AC1B35-83C0-43B2-BA5B-1E1097A583F6}
		{79D07E85-B414-49B2-8FEB-8C58232EA9A5} = {D6AC1B35-83C0-43B2-BA5B-1E1097A583F6}
		{F80C3D73-29C2-4611-B3EB-1245DEC41716} = {D6AC1B35-83C0-43B2-BA5B-1E1097A583F6}
		{EBBA1064-A704-4AAE-8089-124EA893069D} = {D6AC1B35-83C0-43B2-BA5B-1E1097A583F6}
	EndGlobalSection
	GlobalSection(ExtensibilityGlobals) = postSolution
		SolutionGuid = {68542D0B-F2AB-4BA8-BA87-96E9E44D0F29}
	EndGlobalSection
EndGlobal
